
Microsoft Visual Studio Solution File, Format Version 12.00
# Visual Studio Version 17
VisualStudioVersion = 17.10.35004.147
MinimumVisualStudioVersion = 10.0.40219.1
Project("{9A19103F-16F7-4668-BE54-9A1E7A4F7556}") = "BookStore_Website", "BookStore_Website.csproj", "{8C427D5A-A952-49AB-BED5-D5B5232F7BF1}"
EndProject
Global
	GlobalSection(SolutionConfigurationPlatforms) = preSolution
		Debug|Any CPU = Debug|Any CPU
		Release|Any CPU = Release|Any CPU
	EndGlobalSection
	GlobalSection(ProjectConfigurationPlatforms) = postSolution
		{8C427D5A-A952-49AB-BED5-D5B5232F7BF1}.Debug|Any CPU.ActiveCfg = Debug|Any CPU
		{8C427D5A-A952-49AB-BED5-D5B5232F7BF1}.Debug|Any CPU.Build.0 = Debug|Any CPU
		{8C427D5A-A952-49AB-BED5-D5B5232F7BF1}.Release|Any CPU.ActiveCfg = Release|Any CPU
		{8C427D5A-A952-49AB-BED5-D5B5232F7BF1}.Release|Any CPU.Build.0 = Release|Any CPU
	EndGlobalSection
	GlobalSection(SolutionProperties) = preSolution
		HideSolutionNode = FALSE
	EndGlobalSection
	GlobalSection(ExtensibilityGlobals) = postSolution
		SolutionGuid = {17E178D6-3FD9-481C-9D52-DF6533039661}
	EndGlobalSection
EndGlobal
